
Microsoft Visual Studio Solution File, Format Version 12.00
# Visual Studio 15
VisualStudioVersion = 15.0.27004.2008
MinimumVisualStudioVersion = 10.0.40219.1
Project("{FAE04EC0-301F-11D3-BF4B-00C04F79EFBC}") = "Admin-Finder", "Admin-Finder\Admin-Finder.csproj", "{B3BCB5DF-1EAF-41AD-955E-C5AAE8EEDA29}"
EndProject
Global
	GlobalSection(SolutionConfigurationPlatforms) = preSolution
		Debug|Any CPU = Debug|Any CPU
		Release|Any CPU = Release|Any CPU
	EndGlobalSection
	GlobalSection(ProjectConfigurationPlatforms) = postSolution
		{B3BCB5DF-1EAF-41AD-955E-C5AAE8EEDA29}.Debug|Any CPU.ActiveCfg = Debug|Any CPU
		{B3BCB5DF-1EAF-41AD-955E-C5AAE8EEDA29}.Debug|Any CPU.Build.0 = Debug|Any CPU
		{B3BCB5DF-1EAF-41AD-955E-C5AAE8EEDA29}.Release|Any CPU.ActiveCfg = Release|Any CPU
		{B3BCB5DF-1EAF-41AD-955E-C5AAE8EEDA29}.Release|Any CPU.Build.0 = Release|Any CPU
	EndGlobalSection
	GlobalSection(SolutionProperties) = preSolution
		HideSolutionNode = FALSE
	EndGlobalSection
	GlobalSection(ExtensibilityGlobals) = postSolution
		SolutionGuid = {9C6E5343-9860-4EA2-9569-4BD27C301030}
	EndGlobalSection
EndGlobal
